
Microsoft Visual Studio Solution File, Format Version 12.00
# Visual Studio Version 17
VisualStudioVersion = 17.3.32929.385
MinimumVisualStudioVersion = 10.0.40219.1
Project("{FAE04EC0-301F-11D3-BF4B-00C04F79EFBC}") = "EmployeeWageProblem", "EmployeeWageProblem.csproj", "{E5EA9C40-D625-4250-97BB-8707B3299934}"
EndProject
Global
	GlobalSection(SolutionConfigurationPlatforms) = preSolution
		Debug|Any CPU = Debug|Any CPU
		Release|Any CPU = Release|Any CPU
	EndGlobalSection
	GlobalSection(ProjectConfigurationPlatforms) = postSolution
		{E5EA9C40-D625-4250-97BB-8707B3299934}.Debug|Any CPU.ActiveCfg = Debug|Any CPU
		{E5EA9C40-D625-4250-97BB-8707B3299934}.Debug|Any CPU.Build.0 = Debug|Any CPU
		{E5EA9C40-D625-4250-97BB-8707B3299934}.Release|Any CPU.ActiveCfg = Release|Any CPU
		{E5EA9C40-D625-4250-97BB-8707B3299934}.Release|Any CPU.Build.0 = Release|Any CPU
	EndGlobalSection
	GlobalSection(SolutionProperties) = preSolution
		HideSolutionNode = FALSE
	EndGlobalSection
	GlobalSection(ExtensibilityGlobals) = postSolution
		SolutionGuid = {7A00C512-6DFE-4758-83F0-6C71D35F515F}
	EndGlobalSection
EndGlobal
